
Microsoft Visual Studio Solution File, Format Version 12.00
# Visual Studio Version 17
VisualStudioVersion = 17.0.32014.148
MinimumVisualStudioVersion = 10.0.40219.1
Project("{2150E333-8FDC-42A3-9474-1A3956D46DE8}") = "Catalog", "Catalog", "{EC3D7601-63FB-44D8-9FF8-7321F06B0C32}"
EndProject
Project("{2150E333-8FDC-42A3-9474-1A3956D46DE8}") = "Cart", "Cart", "{A9959263-6289-49D2-9447-4DAC6255F140}"
EndProject
Project("{2150E333-8FDC-42A3-9474-1A3956D46DE8}") = "src", "src", "{0C0F6812-F8F4-4118-964D-5CB6B36FF970}"
EndProject
Project("{9A19103F-16F7-4668-BE54-9A1E7A4F7556}") = "Catalog.API", "Catalog.API\Catalog.API.csproj", "{7AD81620-8CCB-4EF3-86E9-6D4D16119A79}"
EndProject
Project("{9A19103F-16F7-4668-BE54-9A1E7A4F7556}") = "Cart.API", "Cart.API\Cart.API.csproj", "{F008FE63-AFC0-45D4-9B93-CAAA83F8FB8B}"
EndProject
Project("{2150E333-8FDC-42A3-9474-1A3956D46DE8}") = "k8s", "k8s", "{138F9F74-A5A0-4941-994A-E71DC4C0A6AB}"
	ProjectSection(SolutionItems) = preProject
		cart-depl.yaml = cart-depl.yaml
		cart-np-srv.yaml = cart-np-srv.yaml
	EndProjectSection
EndProject
Global
	GlobalSection(SolutionConfigurationPlatforms) = preSolution
		Debug|Any CPU = Debug|Any CPU
		Release|Any CPU = Release|Any CPU
	EndGlobalSection
	GlobalSection(ProjectConfigurationPlatforms) = postSolution
		{7AD81620-8CCB-4EF3-86E9-6D4D16119A79}.Debug|Any CPU.ActiveCfg = Debug|Any CPU
		{7AD81620-8CCB-4EF3-86E9-6D4D16119A79}.Debug|Any CPU.Build.0 = Debug|Any CPU
		{7AD81620-8CCB-4EF3-86E9-6D4D16119A79}.Release|Any CPU.ActiveCfg = Release|Any CPU
		{7AD81620-8CCB-4EF3-86E9-6D4D16119A79}.Release|Any CPU.Build.0 = Release|Any CPU
		{F008FE63-AFC0-45D4-9B93-CAAA83F8FB8B}.Debug|Any CPU.ActiveCfg = Debug|Any CPU
		{F008FE63-AFC0-45D4-9B93-CAAA83F8FB8B}.Debug|Any CPU.Build.0 = Debug|Any CPU
		{F008FE63-AFC0-45D4-9B93-CAAA83F8FB8B}.Release|Any CPU.ActiveCfg = Release|Any CPU
		{F008FE63-AFC0-45D4-9B93-CAAA83F8FB8B}.Release|Any CPU.Build.0 = Release|Any CPU
	EndGlobalSection
	GlobalSection(SolutionProperties) = preSolution
		HideSolutionNode = FALSE
	EndGlobalSection
	GlobalSection(NestedProjects) = preSolution
		{EC3D7601-63FB-44D8-9FF8-7321F06B0C32} = {0C0F6812-F8F4-4118-964D-5CB6B36FF970}
		{A9959263-6289-49D2-9447-4DAC6255F140} = {0C0F6812-F8F4-4118-964D-5CB6B36FF970}
		{7AD81620-8CCB-4EF3-86E9-6D4D16119A79} = {EC3D7601-63FB-44D8-9FF8-7321F06B0C32}
		{F008FE63-AFC0-45D4-9B93-CAAA83F8FB8B} = {A9959263-6289-49D2-9447-4DAC6255F140}
	EndGlobalSection
	GlobalSection(ExtensibilityGlobals) = postSolution
		SolutionGuid = {E193C274-3C50-4EF2-9F9E-3777EA97F225}
	EndGlobalSection
EndGlobal
